// !$*UTF8*$!
{
	archiveVersion = 1;
	classes = {
	};
	objectVersion = 55;
	objects = {

/* Begin PBXBuildFile section */
		14202A292755676200AEAC07 /* AppDelegate.swift in Sources */ = {isa = PBXBuildFile; fileRef = 14202A282755676200AEAC07 /* AppDelegate.swift */; };
		14202A2B2755676200AEAC07 /* SceneDelegate.swift in Sources */ = {isa = PBXBuildFile; fileRef = 14202A2A2755676200AEAC07 /* SceneDelegate.swift */; };
		14202A2D2755676200AEAC07 /* ViewController.swift in Sources */ = {isa = PBXBuildFile; fileRef = 14202A2C2755676200AEAC07 /* ViewController.swift */; };
		14202A302755676200AEAC07 /* Main.storyboard in Resources */ = {isa = PBXBuildFile; fileRef = 14202A2E2755676200AEAC07 /* Main.storyboard */; };
		14202A322755676900AEAC07 /* Assets.xcassets in Resources */ = {isa = PBXBuildFile; fileRef = 14202A312755676900AEAC07 /* Assets.xcassets */; };
		14202A352755676900AEAC07 /* LaunchScreen.storyboard in Resources */ = {isa = PBXBuildFile; fileRef = 14202A332755676900AEAC07 /* LaunchScreen.storyboard */; };
		14202A3D27556A3800AEAC07 /* NotificationAlertViewController.swift in Sources */ = {isa = PBXBuildFile; fileRef = 14202A3C27556A3800AEAC07 /* NotificationAlertViewController.swift */; };
		14202A3F27556A5600AEAC07 /* NotificationsMapper.swift in Sources */ = {isa = PBXBuildFile; fileRef = 14202A3E27556A5600AEAC07 /* NotificationsMapper.swift */; };
		14202A4127556A6200AEAC07 /* AlertView.swift in Sources */ = {isa = PBXBuildFile; fileRef = 14202A4027556A6200AEAC07 /* AlertView.swift */; };
		14202A4327556B1900AEAC07 /* RoundedButton.swift in Sources */ = {isa = PBXBuildFile; fileRef = 14202A4227556B1900AEAC07 /* RoundedButton.swift */; };
/* End PBXBuildFile section */

/* Begin PBXFileReference section */
		14202A252755676200AEAC07 /* AlertModal.app */ = {isa = PBXFileReference; explicitFileType = wrapper.application; includeInIndex = 0; path = AlertModal.app; sourceTree = BUILT_PRODUCTS_DIR; };
		14202A282755676200AEAC07 /* AppDelegate.swift */ = {isa = PBXFileReference; lastKnownFileType = sourcecode.swift; path = AppDelegate.swift; sourceTree = "<group>"; };
		14202A2A2755676200AEAC07 /* SceneDelegate.swift */ = {isa = PBXFileReference; lastKnownFileType = sourcecode.swift; path = SceneDelegate.swift; sourceTree = "<group>"; };
		14202A2C2755676200AEAC07 /* ViewController.swift */ = {isa = PBXFileReference; lastKnownFileType = sourcecode.swift; path = ViewController.swift; sourceTree = "<group>"; };
		14202A2F2755676200AEAC07 /* Base */ = {isa = PBXFileReference; lastKnownFileType = file.storyboard; name = Base; path = Base.lproj/Main.storyboard; sourceTree = "<group>"; };
		14202A312755676900AEAC07 /* Assets.xcassets */ = {isa = PBXFileReference; lastKnownFileType = folder.assetcatalog; path = Assets.xcassets; sourceTree = "<group>"; };
		14202A342755676900AEAC07 /* Base */ = {isa = PBXFileReference; lastKnownFileType = file.storyboard; name = Base; path = Base.lproj/LaunchScreen.storyboard; sourceTree = "<group>"; };
		14202A362755676900AEAC07 /* Info.plist */ = {isa = PBXFileReference; lastKnownFileType = text.plist.xml; path = Info.plist; sourceTree = "<group>"; };
		14202A3C27556A3800AEAC07 /* NotificationAlertViewController.swift */ = {isa = PBXFileReference; lastKnownFileType = sourcecode.swift; path = NotificationAlertViewController.swift; sourceTree = "<group>"; };
		14202A3E27556A5600AEAC07 /* NotificationsMapper.swift */ = {isa = PBXFileReference; lastKnownFileType = sourcecode.swift; path = NotificationsMapper.swift; sourceTree = "<group>"; };
		14202A4027556A6200AEAC07 /* AlertView.swift */ = {isa = PBXFileReference; lastKnownFileType = sourcecode.swift; path = AlertView.swift; sourceTree = "<group>"; };
		14202A4227556B1900AEAC07 /* RoundedButton.swift */ = {isa = PBXFileReference; lastKnownFileType = sourcecode.swift; path = RoundedButton.swift; sourceTree = "<group>"; };
/* End PBXFileReference section */

/* Begin PBXFrameworksBuildPhase section */
		14202A222755676200AEAC07 /* Frameworks */ = {
			isa = PBXFrameworksBuildPhase;
			buildActionMask = 2147483647;
			files = (
			);
			runOnlyForDeploymentPostprocessing = 0;
		};
/* End PBXFrameworksBuildPhase section */

/* Begin PBXGroup section */
		14202A1C2755676200AEAC07 = {
			isa = PBXGroup;
			children = (
				14202A272755676200AEAC07 /* AlertModal */,
				14202A262755676200AEAC07 /* Products */,
			);
			sourceTree = "<group>";
		};
		14202A262755676200AEAC07 /* Products */ = {
			isa = PBXGroup;
			children = (
				14202A252755676200AEAC07 /* AlertModal.app */,
			);
			name = Products;
			sourceTree = "<group>";
		};
		14202A272755676200AEAC07 /* AlertModal */ = {
			isa = PBXGroup;
			children = (
				14202A282755676200AEAC07 /* AppDelegate.swift */,
				14202A2A2755676200AEAC07 /* SceneDelegate.swift */,
				14202A2C2755676200AEAC07 /* ViewController.swift */,
				14202A2E2755676200AEAC07 /* Main.storyboard */,
				14202A312755676900AEAC07 /* Assets.xcassets */,
				14202A332755676900AEAC07 /* LaunchScreen.storyboard */,
				14202A362755676900AEAC07 /* Info.plist */,
				14202A3C27556A3800AEAC07 /* NotificationAlertViewController.swift */,
				14202A3E27556A5600AEAC07 /* NotificationsMapper.swift */,
				14202A4027556A6200AEAC07 /* AlertView.swift */,
				14202A4227556B1900AEAC07 /* RoundedButton.swift */,
			);
			path = AlertModal;
			sourceTree = "<group>";
		};
/* End PBXGroup section */

/* Begin PBXNativeTarget section */
		14202A242755676200AEAC07 /* AlertModal */ = {
			isa = PBXNativeTarget;
			buildConfigurationList = 14202A392755676900AEAC07 /* Build configuration list for PBXNativeTarget "AlertModal" */;
			buildPhases = (
				14202A212755676200AEAC07 /* Sources */,
				14202A222755676200AEAC07 /* Frameworks */,
				14202A232755676200AEAC07 /* Resources */,
			);
			buildRules = (
			);
			dependencies = (
			);
			name = AlertModal;
			productName = AlertModal;
			productReference = 14202A252755676200AEAC07 /* AlertModal.app */;
			productType = "com.apple.product-type.application";
		};
/* End PBXNativeTarget section */

/* Begin PBXProject section */
		14202A1D2755676200AEAC07 /* Project object */ = {
			isa = PBXProject;
			attributes = {
				BuildIndependentTargetsInParallel = 1;
				LastSwiftUpdateCheck = 1310;
				LastUpgradeCheck = 1310;
				TargetAttributes = {
					14202A242755676200AEAC07 = {
						CreatedOnToolsVersion = 13.1;
					};
				};
			};
			buildConfigurationList = 14202A202755676200AEAC07 /* Build configuration list for PBXProject "AlertModal" */;
			compatibilityVersion = "Xcode 13.0";
			developmentRegion = en;
			hasScannedForEncodings = 0;
			knownRegions = (
				en,
				Base,
			);
			mainGroup = 14202A1C2755676200AEAC07;
			productRefGroup = 14202A262755676200AEAC07 /* Products */;
			projectDirPath = "";
			projectRoot = "";
			targets = (
				14202A242755676200AEAC07 /* AlertModal */,
			);
		};
/* End PBXProject section */

/* Begin PBXResourcesBuildPhase section */
		14202A232755676200AEAC07 /* Resources */ = {
			isa = PBXResourcesBuildPhase;
			buildActionMask = 2147483647;
			files = (
				14202A352755676900AEAC07 /* LaunchScreen.storyboard in Resources */,
				14202A322755676900AEAC07 /* Assets.xcassets in Resources */,
				14202A302755676200AEAC07 /* Main.storyboard in Resources */,
			);
			runOnlyForDeploymentPostprocessing = 0;
		};
/* End PBXResourcesBuildPhase section */

/* Begin PBXSourcesBuildPhase section */
		14202A212755676200AEAC07 /* Sources */ = {
			isa = PBXSourcesBuildPhase;
			buildActionMask = 2147483647;
			files = (
				14202A3F27556A5600AEAC07 /* NotificationsMapper.swift in Sources */,
				14202A2D2755676200AEAC07 /* ViewController.swift in Sources */,
				14202A292755676200AEAC07 /* AppDelegate.swift in Sources */,
				14202A3D27556A3800AEAC07 /* NotificationAlertViewController.swift in Sources */,
				14202A4327556B1900AEAC07 /* RoundedButton.swift in Sources */,
				14202A2B2755676200AEAC07 /* SceneDelegate.swift in Sources */,
				14202A4127556A6200AEAC07 /* AlertView.swift in Sources */,
			);
			runOnlyForDeploymentPostprocessing = 0;
		};
/* End PBXSourcesBuildPhase section */

/* Begin PBXVariantGroup section */
		14202A2E2755676200AEAC07 /* Main.storyboard */ = {
			isa = PBXVariantGroup;
			children = (
				14202A2F2755676200AEAC07 /* Base */,
			);
			name = Main.storyboard;
			sourceTree = "<group>";
		};
		14202A332755676900AEAC07 /* LaunchScreen.storyboard */ = {
			isa = PBXVariantGroup;
			children = (
				14202A342755676900AEAC07 /* Base */,
			);
			name = LaunchScreen.storyboard;
			sourceTree = "<group>";
		};
/* End PBXVariantGroup section */

/* Begin XCBuildConfiguration section */
		14202A372755676900AEAC07 /* Debug */ = {
			isa = XCBuildConfiguration;
			buildSettings = {
				ALWAYS_SEARCH_USER_PATHS = NO;
				CLANG_ANALYZER_NONNULL = YES;
				CLANG_ANALYZER_NUMBER_OBJECT_CONVERSION = YES_AGGRESSIVE;
				CLANG_CXX_LANGUAGE_STANDARD = "gnu++17";
				CLANG_CXX_LIBRARY = "libc++";
				CLANG_ENABLE_MODULES = YES;
				CLANG_ENABLE_OBJC_ARC = YES;
				CLANG_ENABLE_OBJC_WEAK = YES;
				CLANG_WARN_BLOCK_CAPTURE_AUTORELEASING = YES;
				CLANG_WARN_BOOL_CONVERSION = YES;
				CLANG_WARN_COMMA = YES;
				CLANG_WARN_CONSTANT_CONVERSION = YES;
				CLANG_WARN_DEPRECATED_OBJC_IMPLEMENTATIONS = YES;
				CLANG_WARN_DIRECT_OBJC_ISA_USAGE = YES_ERROR;
				CLANG_WARN_DOCUMENTATION_COMMENTS = YES;
				CLANG_WARN_EMPTY_BODY = YES;
				CLANG_WARN_ENUM_CONVERSION = YES;
				CLANG_WARN_INFINITE_RECURSION = YES;
				CLANG_WARN_INT_CONVERSION = YES;
				CLANG_WARN_NON_LITERAL_NULL_CONVERSION = YES;
				CLANG_WARN_OBJC_IMPLICIT_RETAIN_SELF = YES;
				CLANG_WARN_OBJC_LITERAL_CONVERSION = YES;
				CLANG_WARN_OBJC_ROOT_CLASS = YES_ERROR;
				CLANG_WARN_QUOTED_INCLUDE_IN_FRAMEWORK_HEADER = YES;
				CLANG_WARN_RANGE_LOOP_ANALYSIS = YES;
				CLANG_WARN_STRICT_PROTOTYPES = YES;
				CLANG_WARN_SUSPICIOUS_MOVE = YES;
				CLANG_WARN_UNGUARDED_AVAILABILITY = YES_AGGRESSIVE;
				CLANG_WARN_UNREACHABLE_CODE = YES;
				CLANG_WARN__DUPLICATE_METHOD_MATCH = YES;
				COPY_PHASE_STRIP = NO;
				DEBUG_INFORMATION_FORMAT = dwarf;
				ENABLE_STRICT_OBJC_MSGSEND = YES;
				ENABLE_TESTABILITY = YES;
				GCC_C_LANGUAGE_STANDARD = gnu11;
				GCC_DYNAMIC_NO_PIC = NO;
				GCC_NO_COMMON_BLOCKS = YES;
				GCC_OPTIMIZATION_LEVEL = 0;
				GCC_PREPROCESSOR_DEFINITIONS = (
					"DEBUG=1",
					"$(inherited)",
				);
				GCC_WARN_64_TO_32_BIT_CONVERSION = YES;
				GCC_WARN_ABOUT_RETURN_TYPE = YES_ERROR;
				GCC_WARN_UNDECLARED_SELECTOR = YES;
				GCC_WARN_UNINITIALIZED_AUTOS = YES_AGGRESSIVE;
				GCC_WARN_UNUSED_FUNCTION = YES;
				GCC_WARN_UNUSED_VARIABLE = YES;
				IPHONEOS_DEPLOYMENT_TARGET = 15.0;
				MTL_ENABLE_DEBUG_INFO = INCLUDE_SOURCE;
				MTL_FAST_MATH = YES;
				ONLY_ACTIVE_ARCH = YES;
				SDKROOT = iphoneos;
				SWIFT_ACTIVE_COMPILATION_CONDITIONS = DEBUG;
				SWIFT_OPTIMIZATION_LEVEL = "-Onone";
			};
			name = Debug;
		};
		14202A382755676900AEAC07 /* Release */ = {
			isa = XCBuildConfiguration;
			buildSettings = {
				ALWAYS_SEARCH_USER_PATHS = NO;
				CLANG_ANALYZER_NONNULL = YES;
				CLANG_ANALYZER_NUMBER_OBJECT_CONVERSION = YES_AGGRESSIVE;
				CLANG_CXX_LANGUAGE_STANDARD = "gnu++17";
				CLANG_CXX_LIBRARY = "libc++";
				CLANG_ENABLE_MODULES = YES;
				CLANG_ENABLE_OBJC_ARC = YES;
				CLANG_ENABLE_OBJC_WEAK = YES;
				CLANG_WARN_BLOCK_CAPTURE_AUTORELEASING = YES;
				CLANG_WARN_BOOL_CONVERSION = YES;
				CLANG_WARN_COMMA = YES;
				CLANG_WARN_CONSTANT_CONVERSION = YES;
				CLANG_WARN_DEPRECATED_OBJC_IMPLEMENTATIONS = YES;
				CLANG_WARN_DIRECT_OBJC_ISA_USAGE = YES_ERROR;
				CLANG_WARN_DOCUMENTATION_COMMENTS = YES;
				CLANG_WARN_EMPTY_BODY = YES;
				CLANG_WARN_ENUM_CONVERSION = YES;
				CLANG_WARN_INFINITE_RECURSION = YES;
				CLANG_WARN_INT_CONVERSION = YES;
				CLANG_WARN_NON_LITERAL_NULL_CONVERSION = YES;
				CLANG_WARN_OBJC_IMPLICIT_RETAIN_SELF = YES;
				CLANG_WARN_OBJC_LITERAL_CONVERSION = YES;
				CLANG_WARN_OBJC_ROOT_CLASS = YES_ERROR;
				CLANG_WARN_QUOTED_INCLUDE_IN_FRAMEWORK_HEADER = YES;
				CLANG_WARN_RANGE_LOOP_ANALYSIS = YES;
				CLANG_WARN_STRICT_PROTOTYPES = YES;
				CLANG_WARN_SUSPICIOUS_MOVE = YES;
				CLANG_WARN_UNGUARDED_AVAILABILITY = YES_AGGRESSIVE;
				CLANG_WARN_UNREACHABLE_CODE = YES;
				CLANG_WARN__DUPLICATE_METHOD_MATCH = YES;
				COPY_PHASE_STRIP = NO;
				DEBUG_INFORMATION_FORMAT = "dwarf-with-dsym";
				ENABLE_NS_ASSERTIONS = NO;
				ENABLE_STRICT_OBJC_MSGSEND = YES;
				GCC_C_LANGUAGE_STANDARD = gnu11;
				GCC_NO_COMMON_BLOCKS = YES;
				GCC_WARN_64_TO_32_BIT_CONVERSION = YES;
				GCC_WARN_ABOUT_RETURN_TYPE = YES_ERROR;
				GCC_WARN_UNDECLARED_SELECTOR = YES;
				GCC_WARN_UNINITIALIZED_AUTOS = YES_AGGRESSIVE;
				GCC_WARN_UNUSED_FUNCTION = YES;
				GCC_WARN_UNUSED_VARIABLE = YES;
				IPHONEOS_DEPLOYMENT_TARGET = 15.0;
				MTL_ENABLE_DEBUG_INFO = NO;
				MTL_FAST_MATH = YES;
				SDKROOT = iphoneos;
				SWIFT_COMPILATION_MODE = wholemodule;
				SWIFT_OPTIMIZATION_LEVEL = "-O";
				VALIDATE_PRODUCT = YES;
			};
			name = Release;
		};
		14202A3A2755676900AEAC07 /* Debug */ = {
			isa = XCBuildConfiguration;
			buildSettings = {
				ASSETCATALOG_COMPILER_APPICON_NAME = AppIcon;
				ASSETCATALOG_COMPILER_GLOBAL_ACCENT_COLOR_NAME = AccentColor;
				CODE_SIGN_STYLE = Automatic;
				CURRENT_PROJECT_VERSION = 1;
				DEVELOPMENT_TEAM = 732UMA6W78;
				GENERATE_INFOPLIST_FILE = YES;
				INFOPLIST_FILE = AlertModal/Info.plist;
				INFOPLIST_KEY_UIApplicationSupportsIndirectInputEvents = YES;
				INFOPLIST_KEY_UILaunchStoryboardName = LaunchScreen;
				INFOPLIST_KEY_UIMainStoryboardFile = Main;
				INFOPLIST_KEY_UISupportedInterfaceOrientations_iPad = "UIInterfaceOrientationPortrait UIInterfaceOrientationPortraitUpsideDown UIInterfaceOrientationLandscapeLeft UIInterfaceOrientationLandscapeRight";
				INFOPLIST_KEY_UISupportedInterfaceOrientations_iPhone = "UIInterfaceOrientationPortrait UIInterfaceOrientationLandscapeLeft UIInterfaceOrientationLandscapeRight";
				IPHONEOS_DEPLOYMENT_TARGET = 13.0;
				LD_RUNPATH_SEARCH_PATHS = (
					"$(inherited)",
					"@executable_path/Frameworks",
				);
				MARKETING_VERSION = 1.0;
				PRODUCT_BUNDLE_IDENTIFIER = mx.com.alert.AlertModal;
				PRODUCT_NAME = "$(TARGET_NAME)";
				SWIFT_EMIT_LOC_STRINGS = YES;
				SWIFT_VERSION = 5.0;
				TARGETED_DEVICE_FAMILY = "1,2";
			};
			name = Debug;
		};
		14202A3B2755676900AEAC07 /* Release */ = {
			isa = XCBuildConfiguration;
			buildSettings = {
				ASSETCATALOG_COMPILER_APPICON_NAME = AppIcon;
				ASSETCATALOG_COMPILER_GLOBAL_ACCENT_COLOR_NAME = AccentColor;
				CODE_SIGN_STYLE = Automatic;
				CURRENT_PROJECT_VERSION = 1;
				DEVELOPMENT_TEAM = 732UMA6W78;
				GENERATE_INFOPLIST_FILE = YES;
				INFOPLIST_FILE = AlertModal/Info.plist;
				INFOPLIST_KEY_UIApplicationSupportsIndirectInputEvents = YES;
				INFOPLIST_KEY_UILaunchStoryboardName = LaunchScreen;
				INFOPLIST_KEY_UIMainStoryboardFile = Main;
				INFOPLIST_KEY_UISupportedInterfaceOrientations_iPad = "UIInterfaceOrientationPortrait UIInterfaceOrientationPortraitUpsideDown UIInterfaceOrientationLandscapeLeft UIInterfaceOrientationLandscapeRight";
				INFOPLIST_KEY_UISupportedInterfaceOrientations_iPhone = "UIInterfaceOrientationPortrait UIInterfaceOrientationLandscapeLeft UIInterfaceOrientationLandscapeRight";
				IPHONEOS_DEPLOYMENT_TARGET = 13.0;
				LD_RUNPATH_SEARCH_PATHS = (
					"$(inherited)",
					"@executable_path/Frameworks",
				);
				MARKETING_VERSION = 1.0;
				PRODUCT_BUNDLE_IDENTIFIER = mx.com.alert.AlertModal;
				PRODUCT_NAME = "$(TARGET_NAME)";
				SWIFT_EMIT_LOC_STRINGS = YES;
				SWIFT_VERSION = 5.0;
				TARGETED_DEVICE_FAMILY = "1,2";
			};
			name = Release;
		};
/* End XCBuildConfiguration section */

/* Begin XCConfigurationList section */
		14202A202755676200AEAC07 /* Build configuration list for PBXProject "AlertModal" */ = {
			isa = XCConfigurationList;
			buildConfigurations = (
				14202A372755676900AEAC07 /* Debug */,
				14202A382755676900AEAC07 /* Release */,
			);
			defaultConfigurationIsVisible = 0;
			defaultConfigurationName = Release;
		};
		14202A392755676900AEAC07 /* Build configuration list for PBXNativeTarget "AlertModal" */ = {
			isa = XCConfigurationList;
			buildConfigurations = (
				14202A3A2755676900AEAC07 /* Debug */,
				14202A3B2755676900AEAC07 /* Release */,
			);
			defaultConfigurationIsVisible = 0;
			defaultConfigurationName = Release;
		};
/* End XCConfigurationList section */
	};
	rootObject = 14202A1D2755676200AEAC07 /* Project object */;
}
